
Microsoft Visual Studio Solution File, Format Version 12.00
# Visual Studio 15
VisualStudioVersion = 15.0.28307.1231
MinimumVisualStudioVersion = 10.0.40219.1
Project("{9A19103F-16F7-4668-BE54-9A1E7A4F7556}") = "Testing", "Testing\Testing.csproj", "{14EA404D-5492-4380-86C0-A93173D91DFD}"
EndProject
Project("{9A19103F-16F7-4668-BE54-9A1E7A4F7556}") = "Assignment1", "Assignment1\Assignment1.csproj", "{65559DBB-3401-45CB-A348-70EAD843A93E}"
EndProject
Project("{9A19103F-16F7-4668-BE54-9A1E7A4F7556}") = "Assignment2", "Assignment2\Assignment2.csproj", "{81819E8C-AD88-4571-B147-45E9A247C77D}"
EndProject
Global
	GlobalSection(SolutionConfigurationPlatforms) = preSolution
		Debug|Any CPU = Debug|Any CPU
		Release|Any CPU = Release|Any CPU
	EndGlobalSection
	GlobalSection(ProjectConfigurationPlatforms) = postSolution
		{14EA404D-5492-4380-86C0-A93173D91DFD}.Debug|Any CPU.ActiveCfg = Debug|Any CPU
		{14EA404D-5492-4380-86C0-A93173D91DFD}.Debug|Any CPU.Build.0 = Debug|Any CPU
		{14EA404D-5492-4380-86C0-A93173D91DFD}.Release|Any CPU.ActiveCfg = Release|Any CPU
		{14EA404D-5492-4380-86C0-A93173D91DFD}.Release|Any CPU.Build.0 = Release|Any CPU
		{65559DBB-3401-45CB-A348-70EAD843A93E}.Debug|Any CPU.ActiveCfg = Debug|Any CPU
		{65559DBB-3401-45CB-A348-70EAD843A93E}.Debug|Any CPU.Build.0 = Debug|Any CPU
		{65559DBB-3401-45CB-A348-70EAD843A93E}.Release|Any CPU.ActiveCfg = Release|Any CPU
		{65559DBB-3401-45CB-A348-70EAD843A93E}.Release|Any CPU.Build.0 = Release|Any CPU
		{81819E8C-AD88-4571-B147-45E9A247C77D}.Debug|Any CPU.ActiveCfg = Debug|Any CPU
		{81819E8C-AD88-4571-B147-45E9A247C77D}.Debug|Any CPU.Build.0 = Debug|Any CPU
		{81819E8C-AD88-4571-B147-45E9A247C77D}.Release|Any CPU.ActiveCfg = Release|Any CPU
		{81819E8C-AD88-4571-B147-45E9A247C77D}.Release|Any CPU.Build.0 = Release|Any CPU
	EndGlobalSection
	GlobalSection(SolutionProperties) = preSolution
		HideSolutionNode = FALSE
	EndGlobalSection
	GlobalSection(ExtensibilityGlobals) = postSolution
		SolutionGuid = {3AD338BA-DCF2-4A8D-A0B6-6477BD587DD4}
	EndGlobalSection
EndGlobal
